{
  "name": "mnt",
  "lockfileVersion": 2,
  "requires": true,
  "packages": {
    "": {
      "hasInstallScript": true,
      "dependencies": {
        "@fortawesome/fontawesome-free": "5.15.4",
        "algoliasearch": "4.10.5",
        "bootstrap": "5.1.2",
        "bootstrap-table": "1.18.3",
        "instantsearch.js": "4.30.2",
        "jquery": "3.6.0",
        "luxon": "2.0.2"
      }
    },
    "node_modules/@algolia/cache-browser-local-storage": {
      "version": "4.10.5",
      "resolved": "https://registry.npmjs.org/@algolia/cache-browser-local-storage/-/cache-browser-local-storage-4.10.5.tgz",
      "integrity": "sha512-cfX2rEKOtuuljcGI5DMDHClwZHdDqd2nT2Ohsc8aHtBiz6bUxKVyIqxr2gaC6tU8AgPtrTVBzcxCA+UavXpKww==",
      "dependencies": {
        "@algolia/cache-common": "4.10.5"
      }
    },
    "node_modules/@algolia/cache-common": {
      "version": "4.10.5",
      "resolved": "https://registry.npmjs.org/@algolia/cache-common/-/cache-common-4.10.5.tgz",
      "integrity": "sha512-1mClwdmTHll+OnHkG+yeRoFM17kSxDs4qXkjf6rNZhoZGXDvfYLy3YcZ1FX4Kyz0DJv8aroq5RYGBDsWkHj6Tw=="
    },
    "node_modules/@algolia/cache-in-memory": {
      "version": "4.10.5",
      "resolved": "https://registry.npmjs.org/@algolia/cache-in-memory/-/cache-in-memory-4.10.5.tgz",
      "integrity": "sha512-+ciQnfIGi5wjMk02XhEY8fmy2pzy+oY1nIIfu8LBOglaSipCRAtjk6WhHc7/KIbXPiYzIwuDbM2K1+YOwSGjwA==",
      "dependencies": {
        "@algolia/cache-common": "4.10.5"
      }
    },
    "node_modules/@algolia/client-account": {
      "version": "4.10.5",
      "resolved": "https://registry.npmjs.org/@algolia/client-account/-/client-account-4.10.5.tgz",
      "integrity": "sha512-I9UkSS2glXm7RBZYZIALjBMmXSQbw/fI/djPcBHxiwXIheNIlqIFl2SNPkvihpPF979BSkzjqdJNRPhE1vku3Q==",
      "dependencies": {
        "@algolia/client-common": "4.10.5",
        "@algolia/client-search": "4.10.5",
        "@algolia/transporter": "4.10.5"
      }
    },
    "node_modules/@algolia/client-analytics": {
      "version": "4.10.5",
      "resolved": "https://registry.npmjs.org/@algolia/client-analytics/-/client-analytics-4.10.5.tgz",
      "integrity": "sha512-h2owwJSkovPxzc+xIsjY1pMl0gj+jdVwP9rcnGjlaTY2fqHbSLrR9yvGyyr6305LvTppxsQnfAbRdE/5Z3eFxw==",
      "dependencies": {
        "@algolia/client-common": "4.10.5",
        "@algolia/client-search": "4.10.5",
        "@algolia/requester-common": "4.10.5",
        "@algolia/transporter": "4.10.5"
      }
    },
    "node_modules/@algolia/client-common": {
      "version": "4.10.5",
      "resolved": "https://registry.npmjs.org/@algolia/client-common/-/client-common-4.10.5.tgz",
      "integrity": "sha512-21FAvIai5qm8DVmZHm2Gp4LssQ/a0nWwMchAx+1hIRj1TX7OcdW6oZDPyZ8asQdvTtK7rStQrRnD8a95SCUnzA==",
      "dependencies": {
        "@algolia/requester-common": "4.10.5",
        "@algolia/transporter": "4.10.5"
      }
    },
    "node_modules/@algolia/client-personalization": {
      "version": "4.10.5",
      "resolved": "https://registry.npmjs.org/@algolia/client-personalization/-/client-personalization-4.10.5.tgz",
      "integrity": "sha512-nH+IyFKBi8tCyzGOanJTbXC5t4dspSovX3+ABfmwKWUYllYzmiQNFUadpb3qo+MLA3jFx5IwBesjneN6dD5o3w==",
      "dependencies": {
        "@algolia/client-common": "4.10.5",
        "@algolia/requester-common": "4.10.5",
        "@algolia/transporter": "4.10.5"
      }
    },
    "node_modules/@algolia/client-search": {
      "version": "4.10.5",
      "resolved": "https://registry.npmjs.org/@algolia/client-search/-/client-search-4.10.5.tgz",
      "integrity": "sha512-1eQFMz9uodrc5OM+9HeT+hHcfR1E1AsgFWXwyJ9Q3xejA2c1c4eObGgOgC9ZoshuHHdptaTN1m3rexqAxXRDBg==",
      "dependencies": {
        "@algolia/client-common": "4.10.5",
        "@algolia/requester-common": "4.10.5",
        "@algolia/transporter": "4.10.5"
      }
    },
    "node_modules/@algolia/logger-common": {
      "version": "4.10.5",
      "resolved": "https://registry.npmjs.org/@algolia/logger-common/-/logger-common-4.10.5.tgz",
      "integrity": "sha512-gRJo9zt1UYP4k3woEmZm4iuEBIQd/FrArIsjzsL/b+ihNoOqIxZKTSuGFU4UUZOEhvmxDReiA4gzvQXG+TMTmA=="
    },
    "node_modules/@algolia/logger-console": {
      "version": "4.10.5",
      "resolved": "https://registry.npmjs.org/@algolia/logger-console/-/logger-console-4.10.5.tgz",
      "integrity": "sha512-4WfIbn4253EDU12u9UiYvz+QTvAXDv39mKNg9xSoMCjKE5szcQxfcSczw2byc6pYhahOJ9PmxPBfs1doqsdTKQ==",
      "dependencies": {
        "@algolia/logger-common": "4.10.5"
      }
    },
    "node_modules/@algolia/requester-browser-xhr": {
      "version": "4.10.5",
      "resolved": "https://registry.npmjs.org/@algolia/requester-browser-xhr/-/requester-browser-xhr-4.10.5.tgz",
      "integrity": "sha512-53/MURQEqtK+bGdfq4ITSPwTh5hnADU99qzvpAINGQveUFNSFGERipJxHjTJjIrjFz3vxj5kKwjtxDnU6ygO9g==",
      "dependencies": {
        "@algolia/requester-common": "4.10.5"
      }
    },
    "node_modules/@algolia/requester-common": {
      "version": "4.10.5",
      "resolved": "https://registry.npmjs.org/@algolia/requester-common/-/requester-common-4.10.5.tgz",
      "integrity": "sha512-UkVa1Oyuj6NPiAEt5ZvrbVopEv1m/mKqjs40KLB+dvfZnNcj+9Fry4Oxnt15HMy/HLORXsx4UwcthAvBuOXE9Q=="
    },
    "node_modules/@algolia/requester-node-http": {
      "version": "4.10.5",
      "resolved": "https://registry.npmjs.org/@algolia/requester-node-http/-/requester-node-http-4.10.5.tgz",
      "integrity": "sha512-aNEKVKXL4fiiC+bS7yJwAHdxln81ieBwY3tsMCtM4zF9f5KwCzY2OtN4WKEZa5AAADVcghSAUdyjs4AcGUlO5w==",
      "dependencies": {
        "@algolia/requester-common": "4.10.5"
      }
    },
    "node_modules/@algolia/transporter": {
      "version": "4.10.5",
      "resolved": "https://registry.npmjs.org/@algolia/transporter/-/transporter-4.10.5.tgz",
      "integrity": "sha512-F8DLkmIlvCoMwSCZA3FKHtmdjH3o5clbt0pi2ktFStVNpC6ZDmY307HcK619bKP5xW6h8sVJhcvrLB775D2cyA==",
      "dependencies": {
        "@algolia/cache-common": "4.10.5",
        "@algolia/logger-common": "4.10.5",
        "@algolia/requester-common": "4.10.5"
      }
    },
    "node_modules/@fortawesome/fontawesome-free": {
      "version": "5.15.4",
      "resolved": "https://registry.npmjs.org/@fortawesome/fontawesome-free/-/fontawesome-free-5.15.4.tgz",
      "integrity": "sha512-eYm8vijH/hpzr/6/1CJ/V/Eb1xQFW2nnUKArb3z+yUWv7HTwj6M7SP957oMjfZjAHU6qpoNc2wQvIxBLWYa/Jg==",
      "hasInstallScript": true,
      "engines": {
        "node": ">=6"
      }
    },
    "node_modules/@popperjs/core": {
      "version": "2.10.2",
      "resolved": "https://registry.npmjs.org/@popperjs/core/-/core-2.10.2.tgz",
      "integrity": "sha512-IXf3XA7+XyN7CP9gGh/XB0UxVMlvARGEgGXLubFICsUMGz6Q+DU+i4gGlpOxTjKvXjkJDJC8YdqdKkDj9qZHEQ==",
      "peer": true,
      "funding": {
        "type": "opencollective",
        "url": "https://opencollective.com/popperjs"
      }
    },
    "node_modules/@types/google.maps": {
      "version": "3.45.6",
      "resolved": "https://registry.npmjs.org/@types/google.maps/-/google.maps-3.45.6.tgz",
      "integrity": "sha512-BzGzxs8UXFxeP8uN/0nRgGbsbpYQxSCKsv/7S8OitU7wwhfFcqQSm5aAcL1nbwueMiJ/VVmIZKPq69s0kX5W+Q=="
    },
    "node_modules/@types/hogan.js": {
      "version": "3.0.1",
      "resolved": "https://registry.npmjs.org/@types/hogan.js/-/hogan.js-3.0.1.tgz",
      "integrity": "sha512-D03i/2OY7kGyMq9wdQ7oD8roE49z/ZCZThe/nbahtvuqCNZY9T2MfedOWyeBdbEpY2W8Gnh/dyJLdFtUCOkYbg=="
    },
    "node_modules/@types/qs": {
      "version": "6.9.7",
      "resolved": "https://registry.npmjs.org/@types/qs/-/qs-6.9.7.tgz",
      "integrity": "sha512-FGa1F62FT09qcrueBA6qYTrJPVDzah9a+493+o2PCXsesWHIn27G98TsSMs3WPNbZIEj4+VJf6saSFpvD+3Zsw=="
    },
    "node_modules/abbrev": {
      "version": "1.1.1",
      "resolved": "https://registry.npmjs.org/abbrev/-/abbrev-1.1.1.tgz",
      "integrity": "sha512-nne9/IiQ/hzIhY6pdDnbBtz7DjPTKrY00P/zvPSm5pOFkl6xuGrGnXn/VtTNNfNtAfZ9/1RtehkszU9qcTii0Q=="
    },
    "node_modules/algoliasearch": {
      "version": "4.10.5",
      "resolved": "https://registry.npmjs.org/algoliasearch/-/algoliasearch-4.10.5.tgz",
      "integrity": "sha512-KmH2XkiN+8FxhND4nWFbQDkIoU6g2OjfeU9kIv4Lb+EiOOs3Gpp7jvd+JnatsCisAZsnWQdjd7zVlW7I/85QvQ==",
      "dependencies": {
        "@algolia/cache-browser-local-storage": "4.10.5",
        "@algolia/cache-common": "4.10.5",
        "@algolia/cache-in-memory": "4.10.5",
        "@algolia/client-account": "4.10.5",
        "@algolia/client-analytics": "4.10.5",
        "@algolia/client-common": "4.10.5",
        "@algolia/client-personalization": "4.10.5",
        "@algolia/client-search": "4.10.5",
        "@algolia/logger-common": "4.10.5",
        "@algolia/logger-console": "4.10.5",
        "@algolia/requester-browser-xhr": "4.10.5",
        "@algolia/requester-common": "4.10.5",
        "@algolia/requester-node-http": "4.10.5",
        "@algolia/transporter": "4.10.5"
      }
    },
    "node_modules/algoliasearch-helper": {
      "version": "3.6.0",
      "resolved": "https://registry.npmjs.org/algoliasearch-helper/-/algoliasearch-helper-3.6.0.tgz",
      "integrity": "sha512-F4Smiq+Vyv/JJytuKNFuzXndPSb4pjtiHZSkEztQCcB+SORu71A8grgt2NSJhbB5VhqHW19QDtlPKbdYdcNrLg==",
      "dependencies": {
        "events": "^1.1.1"
      },
      "peerDependencies": {
        "algoliasearch": ">= 3.1 < 5"
      }
    },
    "node_modules/bootstrap": {
      "version": "5.1.2",
      "resolved": "https://registry.npmjs.org/bootstrap/-/bootstrap-5.1.2.tgz",
      "integrity": "sha512-me838a7TSEkldKyplkx21dqFm16+9NbH/rCj3Myo+h2cByyjckqV4m0OnS8QBsSDEoBv8R2jHqfulGQXpvM8Bw==",
      "funding": {
        "type": "opencollective",
        "url": "https://opencollective.com/bootstrap"
      },
      "peerDependencies": {
        "@popperjs/core": "^2.10.2"
      }
    },
    "node_modules/bootstrap-table": {
      "version": "1.18.3",
      "resolved": "https://registry.npmjs.org/bootstrap-table/-/bootstrap-table-1.18.3.tgz",
      "integrity": "sha512-/eFLkldDlNFi37qC/d9THfRVxMUGD34E8fQBFtXJLDHLBOVKWDTq7BV+udoP7k3FfCEyhM1jWQnQ0rMQdBv//w==",
      "peerDependencies": {
        "jquery": "1.9.1 - 3"
      }
    },
    "node_modules/classnames": {
      "version": "2.3.1",
      "resolved": "https://registry.npmjs.org/classnames/-/classnames-2.3.1.tgz",
      "integrity": "sha512-OlQdbZ7gLfGarSqxesMesDa5uz7KFbID8Kpq/SxIoNGDqY8lSYs0D+hhtBXhcdB3rcbXArFr7vlHheLk1voeNA=="
    },
    "node_modules/events": {
      "version": "1.1.1",
      "resolved": "https://registry.npmjs.org/events/-/events-1.1.1.tgz",
      "integrity": "sha1-nr23Y1rQmccNzEwqH1AEKI6L2SQ=",
      "engines": {
        "node": ">=0.4.x"
      }
    },
    "node_modules/hogan.js": {
      "version": "3.0.2",
      "resolved": "https://registry.npmjs.org/hogan.js/-/hogan.js-3.0.2.tgz",
      "integrity": "sha1-TNnhq9QpQUbnZ55B14mHMrAse/0=",
      "dependencies": {
        "mkdirp": "0.3.0",
        "nopt": "1.0.10"
      },
      "bin": {
        "hulk": "bin/hulk"
      }
    },
    "node_modules/instantsearch.js": {
      "version": "4.30.2",
      "resolved": "https://registry.npmjs.org/instantsearch.js/-/instantsearch.js-4.30.2.tgz",
      "integrity": "sha512-i6sW3DZ74pJyxb7uRlN487kC+gFjXyGm6ZXms6C4bYrmeNT+483tMUt7i2BFssUf+pUcvu4Rb8uR1dMHsZ6trQ==",
      "dependencies": {
        "@types/google.maps": "^3.45.3",
        "@types/hogan.js": "^3.0.0",
        "@types/qs": "^6.5.3",
        "algoliasearch-helper": "^3.5.5",
        "classnames": "^2.2.5",
        "events": "^1.1.0",
        "hogan.js": "^3.0.2",
        "preact": "^10.0.0",
        "qs": "^6.5.1 < 6.10"
      }
    },
    "node_modules/jquery": {
      "version": "3.6.0",
      "resolved": "https://registry.npmjs.org/jquery/-/jquery-3.6.0.tgz",
      "integrity": "sha512-JVzAR/AjBvVt2BmYhxRCSYysDsPcssdmTFnzyLEts9qNwmjmu4JTAMYubEfwVOSwpQ1I1sKKFcxhZCI2buerfw=="
    },
    "node_modules/luxon": {
      "version": "2.0.2",
      "resolved": "https://registry.npmjs.org/luxon/-/luxon-2.0.2.tgz",
      "integrity": "sha512-ZRioYLCgRHrtTORaZX1mx+jtxKtKuI5ZDvHNAmqpUzGqSrR+tL4FVLn/CUGMA3h0+AKD1MAxGI5GnCqR5txNqg==",
      "engines": {
        "node": "*"
      }
    },
    "node_modules/mkdirp": {
      "version": "0.3.0",
      "resolved": "https://registry.npmjs.org/mkdirp/-/mkdirp-0.3.0.tgz",
      "integrity": "sha1-G79asbqCevI1dRQ0kEJkVfSB/h4=",
      "deprecated": "Legacy versions of mkdirp are no longer supported. Please update to mkdirp 1.x. (Note that the API surface has changed to use Promises in 1.x.)",
      "engines": {
        "node": "*"
      }
    },
    "node_modules/nopt": {
      "version": "1.0.10",
      "resolved": "https://registry.npmjs.org/nopt/-/nopt-1.0.10.tgz",
      "integrity": "sha1-bd0hvSoxQXuScn3Vhfim83YI6+4=",
      "dependencies": {
        "abbrev": "1"
      },
      "bin": {
        "nopt": "bin/nopt.js"
      },
      "engines": {
        "node": "*"
      }
    },
    "node_modules/preact": {
      "version": "10.5.14",
      "resolved": "https://registry.npmjs.org/preact/-/preact-10.5.14.tgz",
      "integrity": "sha512-KojoltCrshZ099ksUZ2OQKfbH66uquFoxHSbnwKbTJHeQNvx42EmC7wQVWNuDt6vC5s3nudRHFtKbpY4ijKlaQ==",
      "funding": {
        "type": "opencollective",
        "url": "https://opencollective.com/preact"
      }
    },
    "node_modules/qs": {
      "version": "6.9.6",
      "resolved": "https://registry.npmjs.org/qs/-/qs-6.9.6.tgz",
      "integrity": "sha512-TIRk4aqYLNoJUbd+g2lEdz5kLWIuTMRagAXxl78Q0RiVjAOugHmeKNGdd3cwo/ktpf9aL9epCfFqWDEKysUlLQ==",
      "engines": {
        "node": ">=0.6"
      },
      "funding": {
        "url": "https://github.com/sponsors/ljharb"
      }
    }
  },
  "dependencies": {
    "@algolia/cache-browser-local-storage": {
      "version": "4.10.5",
      "resolved": "https://registry.npmjs.org/@algolia/cache-browser-local-storage/-/cache-browser-local-storage-4.10.5.tgz",
      "integrity": "sha512-cfX2rEKOtuuljcGI5DMDHClwZHdDqd2nT2Ohsc8aHtBiz6bUxKVyIqxr2gaC6tU8AgPtrTVBzcxCA+UavXpKww==",
      "requires": {
        "@algolia/cache-common": "4.10.5"
      }
    },
    "@algolia/cache-common": {
      "version": "4.10.5",
      "resolved": "https://registry.npmjs.org/@algolia/cache-common/-/cache-common-4.10.5.tgz",
      "integrity": "sha512-1mClwdmTHll+OnHkG+yeRoFM17kSxDs4qXkjf6rNZhoZGXDvfYLy3YcZ1FX4Kyz0DJv8aroq5RYGBDsWkHj6Tw=="
    },
    "@algolia/cache-in-memory": {
      "version": "4.10.5",
      "resolved": "https://registry.npmjs.org/@algolia/cache-in-memory/-/cache-in-memory-4.10.5.tgz",
      "integrity": "sha512-+ciQnfIGi5wjMk02XhEY8fmy2pzy+oY1nIIfu8LBOglaSipCRAtjk6WhHc7/KIbXPiYzIwuDbM2K1+YOwSGjwA==",
      "requires": {
        "@algolia/cache-common": "4.10.5"
      }
    },
    "@algolia/client-account": {
      "version": "4.10.5",
      "resolved": "https://registry.npmjs.org/@algolia/client-account/-/client-account-4.10.5.tgz",
      "integrity": "sha512-I9UkSS2glXm7RBZYZIALjBMmXSQbw/fI/djPcBHxiwXIheNIlqIFl2SNPkvihpPF979BSkzjqdJNRPhE1vku3Q==",
      "requires": {
        "@algolia/client-common": "4.10.5",
        "@algolia/client-search": "4.10.5",
        "@algolia/transporter": "4.10.5"
      }
    },
    "@algolia/client-analytics": {
      "version": "4.10.5",
      "resolved": "https://registry.npmjs.org/@algolia/client-analytics/-/client-analytics-4.10.5.tgz",
      "integrity": "sha512-h2owwJSkovPxzc+xIsjY1pMl0gj+jdVwP9rcnGjlaTY2fqHbSLrR9yvGyyr6305LvTppxsQnfAbRdE/5Z3eFxw==",
      "requires": {
        "@algolia/client-common": "4.10.5",
        "@algolia/client-search": "4.10.5",
        "@algolia/requester-common": "4.10.5",
        "@algolia/transporter": "4.10.5"
      }
    },
    "@algolia/client-common": {
      "version": "4.10.5",
      "resolved": "https://registry.npmjs.org/@algolia/client-common/-/client-common-4.10.5.tgz",
      "integrity": "sha512-21FAvIai5qm8DVmZHm2Gp4LssQ/a0nWwMchAx+1hIRj1TX7OcdW6oZDPyZ8asQdvTtK7rStQrRnD8a95SCUnzA==",
      "requires": {
        "@algolia/requester-common": "4.10.5",
        "@algolia/transporter": "4.10.5"
      }
    },
    "@algolia/client-personalization": {
      "version": "4.10.5",
      "resolved": "https://registry.npmjs.org/@algolia/client-personalization/-/client-personalization-4.10.5.tgz",
      "integrity": "sha512-nH+IyFKBi8tCyzGOanJTbXC5t4dspSovX3+ABfmwKWUYllYzmiQNFUadpb3qo+MLA3jFx5IwBesjneN6dD5o3w==",
      "requires": {
        "@algolia/client-common": "4.10.5",
        "@algolia/requester-common": "4.10.5",
        "@algolia/transporter": "4.10.5"
      }
    },
    "@algolia/client-search": {
      "version": "4.10.5",
      "resolved": "https://registry.npmjs.org/@algolia/client-search/-/client-search-4.10.5.tgz",
      "integrity": "sha512-1eQFMz9uodrc5OM+9HeT+hHcfR1E1AsgFWXwyJ9Q3xejA2c1c4eObGgOgC9ZoshuHHdptaTN1m3rexqAxXRDBg==",
      "requires": {
        "@algolia/client-common": "4.10.5",
        "@algolia/requester-common": "4.10.5",
        "@algolia/transporter": "4.10.5"
      }
    },
    "@algolia/logger-common": {
      "version": "4.10.5",
      "resolved": "https://registry.npmjs.org/@algolia/logger-common/-/logger-common-4.10.5.tgz",
      "integrity": "sha512-gRJo9zt1UYP4k3woEmZm4iuEBIQd/FrArIsjzsL/b+ihNoOqIxZKTSuGFU4UUZOEhvmxDReiA4gzvQXG+TMTmA=="
    },
    "@algolia/logger-console": {
      "version": "4.10.5",
      "resolved": "https://registry.npmjs.org/@algolia/logger-console/-/logger-console-4.10.5.tgz",
      "integrity": "sha512-4WfIbn4253EDU12u9UiYvz+QTvAXDv39mKNg9xSoMCjKE5szcQxfcSczw2byc6pYhahOJ9PmxPBfs1doqsdTKQ==",
      "requires": {
        "@algolia/logger-common": "4.10.5"
      }
    },
    "@algolia/requester-browser-xhr": {
      "version": "4.10.5",
      "resolved": "https://registry.npmjs.org/@algolia/requester-browser-xhr/-/requester-browser-xhr-4.10.5.tgz",
      "integrity": "sha512-53/MURQEqtK+bGdfq4ITSPwTh5hnADU99qzvpAINGQveUFNSFGERipJxHjTJjIrjFz3vxj5kKwjtxDnU6ygO9g==",
      "requires": {
        "@algolia/requester-common": "4.10.5"
      }
    },
    "@algolia/requester-common": {
      "version": "4.10.5",
      "resolved": "https://registry.npmjs.org/@algolia/requester-common/-/requester-common-4.10.5.tgz",
      "integrity": "sha512-UkVa1Oyuj6NPiAEt5ZvrbVopEv1m/mKqjs40KLB+dvfZnNcj+9Fry4Oxnt15HMy/HLORXsx4UwcthAvBuOXE9Q=="
    },
    "@algolia/requester-node-http": {
      "version": "4.10.5",
      "resolved": "https://registry.npmjs.org/@algolia/requester-node-http/-/requester-node-http-4.10.5.tgz",
      "integrity": "sha512-aNEKVKXL4fiiC+bS7yJwAHdxln81ieBwY3tsMCtM4zF9f5KwCzY2OtN4WKEZa5AAADVcghSAUdyjs4AcGUlO5w==",
      "requires": {
        "@algolia/requester-common": "4.10.5"
      }
    },
    "@algolia/transporter": {
      "version": "4.10.5",
      "resolved": "https://registry.npmjs.org/@algolia/transporter/-/transporter-4.10.5.tgz",
      "integrity": "sha512-F8DLkmIlvCoMwSCZA3FKHtmdjH3o5clbt0pi2ktFStVNpC6ZDmY307HcK619bKP5xW6h8sVJhcvrLB775D2cyA==",
      "requires": {
        "@algolia/cache-common": "4.10.5",
        "@algolia/logger-common": "4.10.5",
        "@algolia/requester-common": "4.10.5"
      }
    },
    "@fortawesome/fontawesome-free": {
      "version": "5.15.4",
      "resolved": "https://registry.npmjs.org/@fortawesome/fontawesome-free/-/fontawesome-free-5.15.4.tgz",
      "integrity": "sha512-eYm8vijH/hpzr/6/1CJ/V/Eb1xQFW2nnUKArb3z+yUWv7HTwj6M7SP957oMjfZjAHU6qpoNc2wQvIxBLWYa/Jg=="
    },
    "@popperjs/core": {
      "version": "2.10.2",
      "resolved": "https://registry.npmjs.org/@popperjs/core/-/core-2.10.2.tgz",
      "integrity": "sha512-IXf3XA7+XyN7CP9gGh/XB0UxVMlvARGEgGXLubFICsUMGz6Q+DU+i4gGlpOxTjKvXjkJDJC8YdqdKkDj9qZHEQ==",
      "peer": true
    },
    "@types/google.maps": {
      "version": "3.45.6",
      "resolved": "https://registry.npmjs.org/@types/google.maps/-/google.maps-3.45.6.tgz",
      "integrity": "sha512-BzGzxs8UXFxeP8uN/0nRgGbsbpYQxSCKsv/7S8OitU7wwhfFcqQSm5aAcL1nbwueMiJ/VVmIZKPq69s0kX5W+Q=="
    },
    "@types/hogan.js": {
      "version": "3.0.1",
      "resolved": "https://registry.npmjs.org/@types/hogan.js/-/hogan.js-3.0.1.tgz",
      "integrity": "sha512-D03i/2OY7kGyMq9wdQ7oD8roE49z/ZCZThe/nbahtvuqCNZY9T2MfedOWyeBdbEpY2W8Gnh/dyJLdFtUCOkYbg=="
    },
    "@types/qs": {
      "version": "6.9.7",
      "resolved": "https://registry.npmjs.org/@types/qs/-/qs-6.9.7.tgz",
      "integrity": "sha512-FGa1F62FT09qcrueBA6qYTrJPVDzah9a+493+o2PCXsesWHIn27G98TsSMs3WPNbZIEj4+VJf6saSFpvD+3Zsw=="
    },
    "abbrev": {
      "version": "1.1.1",
      "resolved": "https://registry.npmjs.org/abbrev/-/abbrev-1.1.1.tgz",
      "integrity": "sha512-nne9/IiQ/hzIhY6pdDnbBtz7DjPTKrY00P/zvPSm5pOFkl6xuGrGnXn/VtTNNfNtAfZ9/1RtehkszU9qcTii0Q=="
    },
    "algoliasearch": {
      "version": "4.10.5",
      "resolved": "https://registry.npmjs.org/algoliasearch/-/algoliasearch-4.10.5.tgz",
      "integrity": "sha512-KmH2XkiN+8FxhND4nWFbQDkIoU6g2OjfeU9kIv4Lb+EiOOs3Gpp7jvd+JnatsCisAZsnWQdjd7zVlW7I/85QvQ==",
      "requires": {
        "@algolia/cache-browser-local-storage": "4.10.5",
        "@algolia/cache-common": "4.10.5",
        "@algolia/cache-in-memory": "4.10.5",
        "@algolia/client-account": "4.10.5",
        "@algolia/client-analytics": "4.10.5",
        "@algolia/client-common": "4.10.5",
        "@algolia/client-personalization": "4.10.5",
        "@algolia/client-search": "4.10.5",
        "@algolia/logger-common": "4.10.5",
        "@algolia/logger-console": "4.10.5",
        "@algolia/requester-browser-xhr": "4.10.5",
        "@algolia/requester-common": "4.10.5",
        "@algolia/requester-node-http": "4.10.5",
        "@algolia/transporter": "4.10.5"
      }
    },
    "algoliasearch-helper": {
      "version": "3.6.0",
      "resolved": "https://registry.npmjs.org/algoliasearch-helper/-/algoliasearch-helper-3.6.0.tgz",
      "integrity": "sha512-F4Smiq+Vyv/JJytuKNFuzXndPSb4pjtiHZSkEztQCcB+SORu71A8grgt2NSJhbB5VhqHW19QDtlPKbdYdcNrLg==",
      "requires": {
        "events": "^1.1.1"
      }
    },
    "bootstrap": {
      "version": "5.1.2",
      "resolved": "https://registry.npmjs.org/bootstrap/-/bootstrap-5.1.2.tgz",
      "integrity": "sha512-me838a7TSEkldKyplkx21dqFm16+9NbH/rCj3Myo+h2cByyjckqV4m0OnS8QBsSDEoBv8R2jHqfulGQXpvM8Bw==",
      "requires": {}
    },
    "bootstrap-table": {
      "version": "1.18.3",
      "resolved": "https://registry.npmjs.org/bootstrap-table/-/bootstrap-table-1.18.3.tgz",
      "integrity": "sha512-/eFLkldDlNFi37qC/d9THfRVxMUGD34E8fQBFtXJLDHLBOVKWDTq7BV+udoP7k3FfCEyhM1jWQnQ0rMQdBv//w==",
      "requires": {}
    },
    "classnames": {
      "version": "2.3.1",
      "resolved": "https://registry.npmjs.org/classnames/-/classnames-2.3.1.tgz",
      "integrity": "sha512-OlQdbZ7gLfGarSqxesMesDa5uz7KFbID8Kpq/SxIoNGDqY8lSYs0D+hhtBXhcdB3rcbXArFr7vlHheLk1voeNA=="
    },
    "events": {
      "version": "1.1.1",
      "resolved": "https://registry.npmjs.org/events/-/events-1.1.1.tgz",
      "integrity": "sha1-nr23Y1rQmccNzEwqH1AEKI6L2SQ="
    },
    "hogan.js": {
      "version": "3.0.2",
      "resolved": "https://registry.npmjs.org/hogan.js/-/hogan.js-3.0.2.tgz",
      "integrity": "sha1-TNnhq9QpQUbnZ55B14mHMrAse/0=",
      "requires": {
        "mkdirp": "0.3.0",
        "nopt": "1.0.10"
      }
    },
    "instantsearch.js": {
      "version": "4.30.2",
      "resolved": "https://registry.npmjs.org/instantsearch.js/-/instantsearch.js-4.30.2.tgz",
      "integrity": "sha512-i6sW3DZ74pJyxb7uRlN487kC+gFjXyGm6ZXms6C4bYrmeNT+483tMUt7i2BFssUf+pUcvu4Rb8uR1dMHsZ6trQ==",
      "requires": {
        "@types/google.maps": "^3.45.3",
        "@types/hogan.js": "^3.0.0",
        "@types/qs": "^6.5.3",
        "algoliasearch-helper": "^3.5.5",
        "classnames": "^2.2.5",
        "events": "^1.1.0",
        "hogan.js": "^3.0.2",
        "preact": "^10.0.0",
        "qs": "^6.5.1 < 6.10"
      }
    },
    "jquery": {
      "version": "3.6.0",
      "resolved": "https://registry.npmjs.org/jquery/-/jquery-3.6.0.tgz",
      "integrity": "sha512-JVzAR/AjBvVt2BmYhxRCSYysDsPcssdmTFnzyLEts9qNwmjmu4JTAMYubEfwVOSwpQ1I1sKKFcxhZCI2buerfw=="
    },
    "luxon": {
      "version": "2.0.2",
      "resolved": "https://registry.npmjs.org/luxon/-/luxon-2.0.2.tgz",
      "integrity": "sha512-ZRioYLCgRHrtTORaZX1mx+jtxKtKuI5ZDvHNAmqpUzGqSrR+tL4FVLn/CUGMA3h0+AKD1MAxGI5GnCqR5txNqg=="
    },
    "mkdirp": {
      "version": "0.3.0",
      "resolved": "https://registry.npmjs.org/mkdirp/-/mkdirp-0.3.0.tgz",
      "integrity": "sha1-G79asbqCevI1dRQ0kEJkVfSB/h4="
    },
    "nopt": {
      "version": "1.0.10",
      "resolved": "https://registry.npmjs.org/nopt/-/nopt-1.0.10.tgz",
      "integrity": "sha1-bd0hvSoxQXuScn3Vhfim83YI6+4=",
      "requires": {
        "abbrev": "1"
      }
    },
    "preact": {
      "version": "10.5.14",
      "resolved": "https://registry.npmjs.org/preact/-/preact-10.5.14.tgz",
      "integrity": "sha512-KojoltCrshZ099ksUZ2OQKfbH66uquFoxHSbnwKbTJHeQNvx42EmC7wQVWNuDt6vC5s3nudRHFtKbpY4ijKlaQ=="
    },
    "qs": {
      "version": "6.9.6",
      "resolved": "https://registry.npmjs.org/qs/-/qs-6.9.6.tgz",
      "integrity": "sha512-TIRk4aqYLNoJUbd+g2lEdz5kLWIuTMRagAXxl78Q0RiVjAOugHmeKNGdd3cwo/ktpf9aL9epCfFqWDEKysUlLQ=="
    }
  }
}
