{
  "name": "mnt",
  "lockfileVersion": 2,
  "requires": true,
  "packages": {
    "": {
      "hasInstallScript": true,
      "dependencies": {
        "@fortawesome/fontawesome-free": "5.15.4",
        "algoliasearch": "4.10.3",
        "bootstrap": "5.1.0",
        "bootstrap-table": "1.18.3",
        "instantsearch.js": "4.25.3",
        "jquery": "3.6.0",
        "luxon": "2.0.1"
      }
    },
    "node_modules/@algolia/cache-browser-local-storage": {
      "version": "4.10.3",
      "resolved": "https://registry.npmjs.org/@algolia/cache-browser-local-storage/-/cache-browser-local-storage-4.10.3.tgz",
      "integrity": "sha512-TD1N7zg5lb56/PLjjD4bBl2eccEvVHhC7yfgFu2r9k5tf+gvbGxEZ3NhRZVKu2MObUIcEy2VR4LVLxOQu45Hlg==",
      "dependencies": {
        "@algolia/cache-common": "4.10.3"
      }
    },
    "node_modules/@algolia/cache-common": {
      "version": "4.10.3",
      "resolved": "https://registry.npmjs.org/@algolia/cache-common/-/cache-common-4.10.3.tgz",
      "integrity": "sha512-q13cPPUmtf8a2suBC4kySSr97EyulSXuxUkn7l1tZUCX/k1y5KNheMp8npBy8Kc8gPPmHpacxddRSfOncjiKFw=="
    },
    "node_modules/@algolia/cache-in-memory": {
      "version": "4.10.3",
      "resolved": "https://registry.npmjs.org/@algolia/cache-in-memory/-/cache-in-memory-4.10.3.tgz",
      "integrity": "sha512-JhPajhOXAjUP+TZrZTh6KJpF5VKTKyWK2aR1cD8NtrcVHwfGS7fTyfXfVm5BqBqkD9U0gVvufUt/mVyI80aZww==",
      "dependencies": {
        "@algolia/cache-common": "4.10.3"
      }
    },
    "node_modules/@algolia/client-account": {
      "version": "4.10.3",
      "resolved": "https://registry.npmjs.org/@algolia/client-account/-/client-account-4.10.3.tgz",
      "integrity": "sha512-S/IsJB4s+e1xYctdpW3nAbwrR2y3pjSo9X21fJGoiGeIpTRdvQG7nydgsLkhnhcgAdLnmqBapYyAqMGmlcyOkg==",
      "dependencies": {
        "@algolia/client-common": "4.10.3",
        "@algolia/client-search": "4.10.3",
        "@algolia/transporter": "4.10.3"
      }
    },
    "node_modules/@algolia/client-analytics": {
      "version": "4.10.3",
      "resolved": "https://registry.npmjs.org/@algolia/client-analytics/-/client-analytics-4.10.3.tgz",
      "integrity": "sha512-vlHTbBqJktRgclh3v7bPQLfZvFIqY4erNFIZA5C7nisCj9oLeTgzefoUrr+R90+I+XjfoLxnmoeigS1Z1yg1vw==",
      "dependencies": {
        "@algolia/client-common": "4.10.3",
        "@algolia/client-search": "4.10.3",
        "@algolia/requester-common": "4.10.3",
        "@algolia/transporter": "4.10.3"
      }
    },
    "node_modules/@algolia/client-common": {
      "version": "4.10.3",
      "resolved": "https://registry.npmjs.org/@algolia/client-common/-/client-common-4.10.3.tgz",
      "integrity": "sha512-uFyP2Z14jG2hsFRbAoavna6oJf4NTXaSDAZgouZUZlHlBp5elM38sjNeA5HR9/D9J/GjwaB1SgB7iUiIWYBB4w==",
      "dependencies": {
        "@algolia/requester-common": "4.10.3",
        "@algolia/transporter": "4.10.3"
      }
    },
    "node_modules/@algolia/client-personalization": {
      "version": "4.10.3",
      "resolved": "https://registry.npmjs.org/@algolia/client-personalization/-/client-personalization-4.10.3.tgz",
      "integrity": "sha512-NS7Nx8EJ/nduGXT8CFo5z7kLF0jnFehTP3eC+z+GOEESH3rrs7uR12IZHxv5QhQswZa9vl925zCOZDcDVoENCg==",
      "dependencies": {
        "@algolia/client-common": "4.10.3",
        "@algolia/requester-common": "4.10.3",
        "@algolia/transporter": "4.10.3"
      }
    },
    "node_modules/@algolia/client-search": {
      "version": "4.10.3",
      "resolved": "https://registry.npmjs.org/@algolia/client-search/-/client-search-4.10.3.tgz",
      "integrity": "sha512-Zwnp2G94IrNFKWCG/k7epI5UswRkPvL9FCt7/slXe2bkjP2y/HA37gzRn+9tXoLVRwd7gBzrtOA4jFKIyjrtVw==",
      "dependencies": {
        "@algolia/client-common": "4.10.3",
        "@algolia/requester-common": "4.10.3",
        "@algolia/transporter": "4.10.3"
      }
    },
    "node_modules/@algolia/logger-common": {
      "version": "4.10.3",
      "resolved": "https://registry.npmjs.org/@algolia/logger-common/-/logger-common-4.10.3.tgz",
      "integrity": "sha512-M6xi+qov2bkgg1H9e1Qtvq/E/eKsGcgz8RBbXNzqPIYoDGZNkv+b3b8YMo3dxd4Wd6M24HU1iqF3kmr1LaXndg=="
    },
    "node_modules/@algolia/logger-console": {
      "version": "4.10.3",
      "resolved": "https://registry.npmjs.org/@algolia/logger-console/-/logger-console-4.10.3.tgz",
      "integrity": "sha512-vVgRI7b4PHjgBdRkv/cRz490twvkLoGdpC4VYzIouSrKj8SIVLRhey3qgXk7oQXi3xoxVAv6NrklHfpO8Bpx0w==",
      "dependencies": {
        "@algolia/logger-common": "4.10.3"
      }
    },
    "node_modules/@algolia/requester-browser-xhr": {
      "version": "4.10.3",
      "resolved": "https://registry.npmjs.org/@algolia/requester-browser-xhr/-/requester-browser-xhr-4.10.3.tgz",
      "integrity": "sha512-4WIk1zreFbc1EF6+gsfBTQvwSNjWc20zJAAExRWql/Jq5yfVHmwOqi/CajA53/cXKFBqo80DAMRvOiwP+hOLYw==",
      "dependencies": {
        "@algolia/requester-common": "4.10.3"
      }
    },
    "node_modules/@algolia/requester-common": {
      "version": "4.10.3",
      "resolved": "https://registry.npmjs.org/@algolia/requester-common/-/requester-common-4.10.3.tgz",
      "integrity": "sha512-PNfLHmg0Hujugs3rx55uz/ifv7b9HVdSFQDb2hj0O5xZaBEuQCNOXC6COrXR8+9VEfqp2swpg7zwgtqFxh+BtQ=="
    },
    "node_modules/@algolia/requester-node-http": {
      "version": "4.10.3",
      "resolved": "https://registry.npmjs.org/@algolia/requester-node-http/-/requester-node-http-4.10.3.tgz",
      "integrity": "sha512-A9ZcGfEvgqf0luJApdNcIhsRh6MShn2zn2tbjwjGG1joF81w+HUY+BWuLZn56vGwAA9ZB9n00IoJJpxibbfofg==",
      "dependencies": {
        "@algolia/requester-common": "4.10.3"
      }
    },
    "node_modules/@algolia/transporter": {
      "version": "4.10.3",
      "resolved": "https://registry.npmjs.org/@algolia/transporter/-/transporter-4.10.3.tgz",
      "integrity": "sha512-n1lRyKDbrckbMEgm7QXtj3nEWUuzA3aKLzVQ43/F/RCFib15j4IwtmYhXR6OIBRSc7+T0Hm48S0J6F+HeYCQkw==",
      "dependencies": {
        "@algolia/cache-common": "4.10.3",
        "@algolia/logger-common": "4.10.3",
        "@algolia/requester-common": "4.10.3"
      }
    },
    "node_modules/@fortawesome/fontawesome-free": {
      "version": "5.15.4",
      "resolved": "https://registry.npmjs.org/@fortawesome/fontawesome-free/-/fontawesome-free-5.15.4.tgz",
      "integrity": "sha512-eYm8vijH/hpzr/6/1CJ/V/Eb1xQFW2nnUKArb3z+yUWv7HTwj6M7SP957oMjfZjAHU6qpoNc2wQvIxBLWYa/Jg==",
      "hasInstallScript": true,
      "engines": {
        "node": ">=6"
      }
    },
    "node_modules/@popperjs/core": {
      "version": "2.9.3",
      "resolved": "https://registry.npmjs.org/@popperjs/core/-/core-2.9.3.tgz",
      "integrity": "sha512-xDu17cEfh7Kid/d95kB6tZsLOmSWKCZKtprnhVepjsSaCij+lM3mItSJDuuHDMbCWTh8Ejmebwb+KONcCJ0eXQ==",
      "peer": true,
      "funding": {
        "type": "opencollective",
        "url": "https://opencollective.com/popperjs"
      }
    },
    "node_modules/@types/google.maps": {
      "version": "3.45.6",
      "resolved": "https://registry.npmjs.org/@types/google.maps/-/google.maps-3.45.6.tgz",
      "integrity": "sha512-BzGzxs8UXFxeP8uN/0nRgGbsbpYQxSCKsv/7S8OitU7wwhfFcqQSm5aAcL1nbwueMiJ/VVmIZKPq69s0kX5W+Q=="
    },
    "node_modules/@types/hogan.js": {
      "version": "3.0.1",
      "resolved": "https://registry.npmjs.org/@types/hogan.js/-/hogan.js-3.0.1.tgz",
      "integrity": "sha512-D03i/2OY7kGyMq9wdQ7oD8roE49z/ZCZThe/nbahtvuqCNZY9T2MfedOWyeBdbEpY2W8Gnh/dyJLdFtUCOkYbg=="
    },
    "node_modules/@types/qs": {
      "version": "6.9.7",
      "resolved": "https://registry.npmjs.org/@types/qs/-/qs-6.9.7.tgz",
      "integrity": "sha512-FGa1F62FT09qcrueBA6qYTrJPVDzah9a+493+o2PCXsesWHIn27G98TsSMs3WPNbZIEj4+VJf6saSFpvD+3Zsw=="
    },
    "node_modules/abbrev": {
      "version": "1.1.1",
      "resolved": "https://registry.npmjs.org/abbrev/-/abbrev-1.1.1.tgz",
      "integrity": "sha512-nne9/IiQ/hzIhY6pdDnbBtz7DjPTKrY00P/zvPSm5pOFkl6xuGrGnXn/VtTNNfNtAfZ9/1RtehkszU9qcTii0Q=="
    },
    "node_modules/algoliasearch": {
      "version": "4.10.3",
      "resolved": "https://registry.npmjs.org/algoliasearch/-/algoliasearch-4.10.3.tgz",
      "integrity": "sha512-OLY0AWlPKGLbSaw14ivMB7BT5fPdp8VdzY4L8FtzZnqmLKsyes24cltGlf7/X96ACkYEcT390SReCDt/9SUIRg==",
      "dependencies": {
        "@algolia/cache-browser-local-storage": "4.10.3",
        "@algolia/cache-common": "4.10.3",
        "@algolia/cache-in-memory": "4.10.3",
        "@algolia/client-account": "4.10.3",
        "@algolia/client-analytics": "4.10.3",
        "@algolia/client-common": "4.10.3",
        "@algolia/client-personalization": "4.10.3",
        "@algolia/client-search": "4.10.3",
        "@algolia/logger-common": "4.10.3",
        "@algolia/logger-console": "4.10.3",
        "@algolia/requester-browser-xhr": "4.10.3",
        "@algolia/requester-common": "4.10.3",
        "@algolia/requester-node-http": "4.10.3",
        "@algolia/transporter": "4.10.3"
      }
    },
    "node_modules/algoliasearch-helper": {
      "version": "3.5.5",
      "resolved": "https://registry.npmjs.org/algoliasearch-helper/-/algoliasearch-helper-3.5.5.tgz",
      "integrity": "sha512-JDH14gMpSj8UzEaKwVkrqKOeAOyK0dDWsFlKvWhk0Xl5yw9FyafYf1xZPb4uSXaPBAFQtUouFlR1Zt68BCY0/w==",
      "dependencies": {
        "events": "^1.1.1"
      },
      "peerDependencies": {
        "algoliasearch": ">= 3.1 < 5"
      }
    },
    "node_modules/bootstrap": {
      "version": "5.1.0",
      "resolved": "https://registry.npmjs.org/bootstrap/-/bootstrap-5.1.0.tgz",
      "integrity": "sha512-bs74WNI9BgBo3cEovmdMHikSKoXnDgA6VQjJ7TyTotU6L7d41ZyCEEelPwkYEzsG/Zjv3ie9IE3EMAje0W9Xew==",
      "funding": {
        "type": "opencollective",
        "url": "https://opencollective.com/bootstrap"
      },
      "peerDependencies": {
        "@popperjs/core": "^2.9.3"
      }
    },
    "node_modules/bootstrap-table": {
      "version": "1.18.3",
      "resolved": "https://registry.npmjs.org/bootstrap-table/-/bootstrap-table-1.18.3.tgz",
      "integrity": "sha512-/eFLkldDlNFi37qC/d9THfRVxMUGD34E8fQBFtXJLDHLBOVKWDTq7BV+udoP7k3FfCEyhM1jWQnQ0rMQdBv//w==",
      "peerDependencies": {
        "jquery": "1.9.1 - 3"
      }
    },
    "node_modules/classnames": {
      "version": "2.3.1",
      "resolved": "https://registry.npmjs.org/classnames/-/classnames-2.3.1.tgz",
      "integrity": "sha512-OlQdbZ7gLfGarSqxesMesDa5uz7KFbID8Kpq/SxIoNGDqY8lSYs0D+hhtBXhcdB3rcbXArFr7vlHheLk1voeNA=="
    },
    "node_modules/events": {
      "version": "1.1.1",
      "resolved": "https://registry.npmjs.org/events/-/events-1.1.1.tgz",
      "integrity": "sha1-nr23Y1rQmccNzEwqH1AEKI6L2SQ=",
      "engines": {
        "node": ">=0.4.x"
      }
    },
    "node_modules/hogan.js": {
      "version": "3.0.2",
      "resolved": "https://registry.npmjs.org/hogan.js/-/hogan.js-3.0.2.tgz",
      "integrity": "sha1-TNnhq9QpQUbnZ55B14mHMrAse/0=",
      "dependencies": {
        "mkdirp": "0.3.0",
        "nopt": "1.0.10"
      },
      "bin": {
        "hulk": "bin/hulk"
      }
    },
    "node_modules/instantsearch.js": {
      "version": "4.25.3",
      "resolved": "https://registry.npmjs.org/instantsearch.js/-/instantsearch.js-4.25.3.tgz",
      "integrity": "sha512-G30x0AqpvpFC7KDEhzPPt0iB0uWYetlh8/ZNFguYEunhE6vYoK/ExaaCaoQd5QWC90XwQkUtn5CY7f+31tKmZA==",
      "dependencies": {
        "@types/google.maps": "^3.45.3",
        "@types/hogan.js": "^3.0.0",
        "@types/qs": "^6.5.3",
        "algoliasearch-helper": "^3.5.5",
        "classnames": "^2.2.5",
        "events": "^1.1.0",
        "hogan.js": "^3.0.2",
        "preact": "^10.0.0",
        "qs": "^6.5.1 < 6.10"
      }
    },
    "node_modules/jquery": {
      "version": "3.6.0",
      "resolved": "https://registry.npmjs.org/jquery/-/jquery-3.6.0.tgz",
      "integrity": "sha512-JVzAR/AjBvVt2BmYhxRCSYysDsPcssdmTFnzyLEts9qNwmjmu4JTAMYubEfwVOSwpQ1I1sKKFcxhZCI2buerfw=="
    },
    "node_modules/luxon": {
      "version": "2.0.1",
      "resolved": "https://registry.npmjs.org/luxon/-/luxon-2.0.1.tgz",
      "integrity": "sha512-8Eawf81c9ZlQj62W3eq4mp+C7SAIAnmaS7ZuEAiX503YMcn+0C1JnMQRtfaQj6B5qTZLgHv0F4H5WabBCvi1fw==",
      "engines": {
        "node": "*"
      }
    },
    "node_modules/mkdirp": {
      "version": "0.3.0",
      "resolved": "https://registry.npmjs.org/mkdirp/-/mkdirp-0.3.0.tgz",
      "integrity": "sha1-G79asbqCevI1dRQ0kEJkVfSB/h4=",
      "deprecated": "Legacy versions of mkdirp are no longer supported. Please update to mkdirp 1.x. (Note that the API surface has changed to use Promises in 1.x.)",
      "engines": {
        "node": "*"
      }
    },
    "node_modules/nopt": {
      "version": "1.0.10",
      "resolved": "https://registry.npmjs.org/nopt/-/nopt-1.0.10.tgz",
      "integrity": "sha1-bd0hvSoxQXuScn3Vhfim83YI6+4=",
      "dependencies": {
        "abbrev": "1"
      },
      "bin": {
        "nopt": "bin/nopt.js"
      },
      "engines": {
        "node": "*"
      }
    },
    "node_modules/preact": {
      "version": "10.5.14",
      "resolved": "https://registry.npmjs.org/preact/-/preact-10.5.14.tgz",
      "integrity": "sha512-KojoltCrshZ099ksUZ2OQKfbH66uquFoxHSbnwKbTJHeQNvx42EmC7wQVWNuDt6vC5s3nudRHFtKbpY4ijKlaQ==",
      "funding": {
        "type": "opencollective",
        "url": "https://opencollective.com/preact"
      }
    },
    "node_modules/qs": {
      "version": "6.9.6",
      "resolved": "https://registry.npmjs.org/qs/-/qs-6.9.6.tgz",
      "integrity": "sha512-TIRk4aqYLNoJUbd+g2lEdz5kLWIuTMRagAXxl78Q0RiVjAOugHmeKNGdd3cwo/ktpf9aL9epCfFqWDEKysUlLQ==",
      "engines": {
        "node": ">=0.6"
      },
      "funding": {
        "url": "https://github.com/sponsors/ljharb"
      }
    }
  },
  "dependencies": {
    "@algolia/cache-browser-local-storage": {
      "version": "4.10.3",
      "resolved": "https://registry.npmjs.org/@algolia/cache-browser-local-storage/-/cache-browser-local-storage-4.10.3.tgz",
      "integrity": "sha512-TD1N7zg5lb56/PLjjD4bBl2eccEvVHhC7yfgFu2r9k5tf+gvbGxEZ3NhRZVKu2MObUIcEy2VR4LVLxOQu45Hlg==",
      "requires": {
        "@algolia/cache-common": "4.10.3"
      }
    },
    "@algolia/cache-common": {
      "version": "4.10.3",
      "resolved": "https://registry.npmjs.org/@algolia/cache-common/-/cache-common-4.10.3.tgz",
      "integrity": "sha512-q13cPPUmtf8a2suBC4kySSr97EyulSXuxUkn7l1tZUCX/k1y5KNheMp8npBy8Kc8gPPmHpacxddRSfOncjiKFw=="
    },
    "@algolia/cache-in-memory": {
      "version": "4.10.3",
      "resolved": "https://registry.npmjs.org/@algolia/cache-in-memory/-/cache-in-memory-4.10.3.tgz",
      "integrity": "sha512-JhPajhOXAjUP+TZrZTh6KJpF5VKTKyWK2aR1cD8NtrcVHwfGS7fTyfXfVm5BqBqkD9U0gVvufUt/mVyI80aZww==",
      "requires": {
        "@algolia/cache-common": "4.10.3"
      }
    },
    "@algolia/client-account": {
      "version": "4.10.3",
      "resolved": "https://registry.npmjs.org/@algolia/client-account/-/client-account-4.10.3.tgz",
      "integrity": "sha512-S/IsJB4s+e1xYctdpW3nAbwrR2y3pjSo9X21fJGoiGeIpTRdvQG7nydgsLkhnhcgAdLnmqBapYyAqMGmlcyOkg==",
      "requires": {
        "@algolia/client-common": "4.10.3",
        "@algolia/client-search": "4.10.3",
        "@algolia/transporter": "4.10.3"
      }
    },
    "@algolia/client-analytics": {
      "version": "4.10.3",
      "resolved": "https://registry.npmjs.org/@algolia/client-analytics/-/client-analytics-4.10.3.tgz",
      "integrity": "sha512-vlHTbBqJktRgclh3v7bPQLfZvFIqY4erNFIZA5C7nisCj9oLeTgzefoUrr+R90+I+XjfoLxnmoeigS1Z1yg1vw==",
      "requires": {
        "@algolia/client-common": "4.10.3",
        "@algolia/client-search": "4.10.3",
        "@algolia/requester-common": "4.10.3",
        "@algolia/transporter": "4.10.3"
      }
    },
    "@algolia/client-common": {
      "version": "4.10.3",
      "resolved": "https://registry.npmjs.org/@algolia/client-common/-/client-common-4.10.3.tgz",
      "integrity": "sha512-uFyP2Z14jG2hsFRbAoavna6oJf4NTXaSDAZgouZUZlHlBp5elM38sjNeA5HR9/D9J/GjwaB1SgB7iUiIWYBB4w==",
      "requires": {
        "@algolia/requester-common": "4.10.3",
        "@algolia/transporter": "4.10.3"
      }
    },
    "@algolia/client-personalization": {
      "version": "4.10.3",
      "resolved": "https://registry.npmjs.org/@algolia/client-personalization/-/client-personalization-4.10.3.tgz",
      "integrity": "sha512-NS7Nx8EJ/nduGXT8CFo5z7kLF0jnFehTP3eC+z+GOEESH3rrs7uR12IZHxv5QhQswZa9vl925zCOZDcDVoENCg==",
      "requires": {
        "@algolia/client-common": "4.10.3",
        "@algolia/requester-common": "4.10.3",
        "@algolia/transporter": "4.10.3"
      }
    },
    "@algolia/client-search": {
      "version": "4.10.3",
      "resolved": "https://registry.npmjs.org/@algolia/client-search/-/client-search-4.10.3.tgz",
      "integrity": "sha512-Zwnp2G94IrNFKWCG/k7epI5UswRkPvL9FCt7/slXe2bkjP2y/HA37gzRn+9tXoLVRwd7gBzrtOA4jFKIyjrtVw==",
      "requires": {
        "@algolia/client-common": "4.10.3",
        "@algolia/requester-common": "4.10.3",
        "@algolia/transporter": "4.10.3"
      }
    },
    "@algolia/logger-common": {
      "version": "4.10.3",
      "resolved": "https://registry.npmjs.org/@algolia/logger-common/-/logger-common-4.10.3.tgz",
      "integrity": "sha512-M6xi+qov2bkgg1H9e1Qtvq/E/eKsGcgz8RBbXNzqPIYoDGZNkv+b3b8YMo3dxd4Wd6M24HU1iqF3kmr1LaXndg=="
    },
    "@algolia/logger-console": {
      "version": "4.10.3",
      "resolved": "https://registry.npmjs.org/@algolia/logger-console/-/logger-console-4.10.3.tgz",
      "integrity": "sha512-vVgRI7b4PHjgBdRkv/cRz490twvkLoGdpC4VYzIouSrKj8SIVLRhey3qgXk7oQXi3xoxVAv6NrklHfpO8Bpx0w==",
      "requires": {
        "@algolia/logger-common": "4.10.3"
      }
    },
    "@algolia/requester-browser-xhr": {
      "version": "4.10.3",
      "resolved": "https://registry.npmjs.org/@algolia/requester-browser-xhr/-/requester-browser-xhr-4.10.3.tgz",
      "integrity": "sha512-4WIk1zreFbc1EF6+gsfBTQvwSNjWc20zJAAExRWql/Jq5yfVHmwOqi/CajA53/cXKFBqo80DAMRvOiwP+hOLYw==",
      "requires": {
        "@algolia/requester-common": "4.10.3"
      }
    },
    "@algolia/requester-common": {
      "version": "4.10.3",
      "resolved": "https://registry.npmjs.org/@algolia/requester-common/-/requester-common-4.10.3.tgz",
      "integrity": "sha512-PNfLHmg0Hujugs3rx55uz/ifv7b9HVdSFQDb2hj0O5xZaBEuQCNOXC6COrXR8+9VEfqp2swpg7zwgtqFxh+BtQ=="
    },
    "@algolia/requester-node-http": {
      "version": "4.10.3",
      "resolved": "https://registry.npmjs.org/@algolia/requester-node-http/-/requester-node-http-4.10.3.tgz",
      "integrity": "sha512-A9ZcGfEvgqf0luJApdNcIhsRh6MShn2zn2tbjwjGG1joF81w+HUY+BWuLZn56vGwAA9ZB9n00IoJJpxibbfofg==",
      "requires": {
        "@algolia/requester-common": "4.10.3"
      }
    },
    "@algolia/transporter": {
      "version": "4.10.3",
      "resolved": "https://registry.npmjs.org/@algolia/transporter/-/transporter-4.10.3.tgz",
      "integrity": "sha512-n1lRyKDbrckbMEgm7QXtj3nEWUuzA3aKLzVQ43/F/RCFib15j4IwtmYhXR6OIBRSc7+T0Hm48S0J6F+HeYCQkw==",
      "requires": {
        "@algolia/cache-common": "4.10.3",
        "@algolia/logger-common": "4.10.3",
        "@algolia/requester-common": "4.10.3"
      }
    },
    "@fortawesome/fontawesome-free": {
      "version": "5.15.4",
      "resolved": "https://registry.npmjs.org/@fortawesome/fontawesome-free/-/fontawesome-free-5.15.4.tgz",
      "integrity": "sha512-eYm8vijH/hpzr/6/1CJ/V/Eb1xQFW2nnUKArb3z+yUWv7HTwj6M7SP957oMjfZjAHU6qpoNc2wQvIxBLWYa/Jg=="
    },
    "@popperjs/core": {
      "version": "2.9.3",
      "resolved": "https://registry.npmjs.org/@popperjs/core/-/core-2.9.3.tgz",
      "integrity": "sha512-xDu17cEfh7Kid/d95kB6tZsLOmSWKCZKtprnhVepjsSaCij+lM3mItSJDuuHDMbCWTh8Ejmebwb+KONcCJ0eXQ==",
      "peer": true
    },
    "@types/google.maps": {
      "version": "3.45.6",
      "resolved": "https://registry.npmjs.org/@types/google.maps/-/google.maps-3.45.6.tgz",
      "integrity": "sha512-BzGzxs8UXFxeP8uN/0nRgGbsbpYQxSCKsv/7S8OitU7wwhfFcqQSm5aAcL1nbwueMiJ/VVmIZKPq69s0kX5W+Q=="
    },
    "@types/hogan.js": {
      "version": "3.0.1",
      "resolved": "https://registry.npmjs.org/@types/hogan.js/-/hogan.js-3.0.1.tgz",
      "integrity": "sha512-D03i/2OY7kGyMq9wdQ7oD8roE49z/ZCZThe/nbahtvuqCNZY9T2MfedOWyeBdbEpY2W8Gnh/dyJLdFtUCOkYbg=="
    },
    "@types/qs": {
      "version": "6.9.7",
      "resolved": "https://registry.npmjs.org/@types/qs/-/qs-6.9.7.tgz",
      "integrity": "sha512-FGa1F62FT09qcrueBA6qYTrJPVDzah9a+493+o2PCXsesWHIn27G98TsSMs3WPNbZIEj4+VJf6saSFpvD+3Zsw=="
    },
    "abbrev": {
      "version": "1.1.1",
      "resolved": "https://registry.npmjs.org/abbrev/-/abbrev-1.1.1.tgz",
      "integrity": "sha512-nne9/IiQ/hzIhY6pdDnbBtz7DjPTKrY00P/zvPSm5pOFkl6xuGrGnXn/VtTNNfNtAfZ9/1RtehkszU9qcTii0Q=="
    },
    "algoliasearch": {
      "version": "4.10.3",
      "resolved": "https://registry.npmjs.org/algoliasearch/-/algoliasearch-4.10.3.tgz",
      "integrity": "sha512-OLY0AWlPKGLbSaw14ivMB7BT5fPdp8VdzY4L8FtzZnqmLKsyes24cltGlf7/X96ACkYEcT390SReCDt/9SUIRg==",
      "requires": {
        "@algolia/cache-browser-local-storage": "4.10.3",
        "@algolia/cache-common": "4.10.3",
        "@algolia/cache-in-memory": "4.10.3",
        "@algolia/client-account": "4.10.3",
        "@algolia/client-analytics": "4.10.3",
        "@algolia/client-common": "4.10.3",
        "@algolia/client-personalization": "4.10.3",
        "@algolia/client-search": "4.10.3",
        "@algolia/logger-common": "4.10.3",
        "@algolia/logger-console": "4.10.3",
        "@algolia/requester-browser-xhr": "4.10.3",
        "@algolia/requester-common": "4.10.3",
        "@algolia/requester-node-http": "4.10.3",
        "@algolia/transporter": "4.10.3"
      }
    },
    "algoliasearch-helper": {
      "version": "3.5.5",
      "resolved": "https://registry.npmjs.org/algoliasearch-helper/-/algoliasearch-helper-3.5.5.tgz",
      "integrity": "sha512-JDH14gMpSj8UzEaKwVkrqKOeAOyK0dDWsFlKvWhk0Xl5yw9FyafYf1xZPb4uSXaPBAFQtUouFlR1Zt68BCY0/w==",
      "requires": {
        "events": "^1.1.1"
      }
    },
    "bootstrap": {
      "version": "5.1.0",
      "resolved": "https://registry.npmjs.org/bootstrap/-/bootstrap-5.1.0.tgz",
      "integrity": "sha512-bs74WNI9BgBo3cEovmdMHikSKoXnDgA6VQjJ7TyTotU6L7d41ZyCEEelPwkYEzsG/Zjv3ie9IE3EMAje0W9Xew==",
      "requires": {}
    },
    "bootstrap-table": {
      "version": "1.18.3",
      "resolved": "https://registry.npmjs.org/bootstrap-table/-/bootstrap-table-1.18.3.tgz",
      "integrity": "sha512-/eFLkldDlNFi37qC/d9THfRVxMUGD34E8fQBFtXJLDHLBOVKWDTq7BV+udoP7k3FfCEyhM1jWQnQ0rMQdBv//w==",
      "requires": {}
    },
    "classnames": {
      "version": "2.3.1",
      "resolved": "https://registry.npmjs.org/classnames/-/classnames-2.3.1.tgz",
      "integrity": "sha512-OlQdbZ7gLfGarSqxesMesDa5uz7KFbID8Kpq/SxIoNGDqY8lSYs0D+hhtBXhcdB3rcbXArFr7vlHheLk1voeNA=="
    },
    "events": {
      "version": "1.1.1",
      "resolved": "https://registry.npmjs.org/events/-/events-1.1.1.tgz",
      "integrity": "sha1-nr23Y1rQmccNzEwqH1AEKI6L2SQ="
    },
    "hogan.js": {
      "version": "3.0.2",
      "resolved": "https://registry.npmjs.org/hogan.js/-/hogan.js-3.0.2.tgz",
      "integrity": "sha1-TNnhq9QpQUbnZ55B14mHMrAse/0=",
      "requires": {
        "mkdirp": "0.3.0",
        "nopt": "1.0.10"
      }
    },
    "instantsearch.js": {
      "version": "4.25.3",
      "resolved": "https://registry.npmjs.org/instantsearch.js/-/instantsearch.js-4.25.3.tgz",
      "integrity": "sha512-G30x0AqpvpFC7KDEhzPPt0iB0uWYetlh8/ZNFguYEunhE6vYoK/ExaaCaoQd5QWC90XwQkUtn5CY7f+31tKmZA==",
      "requires": {
        "@types/google.maps": "^3.45.3",
        "@types/hogan.js": "^3.0.0",
        "@types/qs": "^6.5.3",
        "algoliasearch-helper": "^3.5.5",
        "classnames": "^2.2.5",
        "events": "^1.1.0",
        "hogan.js": "^3.0.2",
        "preact": "^10.0.0",
        "qs": "^6.5.1 < 6.10"
      }
    },
    "jquery": {
      "version": "3.6.0",
      "resolved": "https://registry.npmjs.org/jquery/-/jquery-3.6.0.tgz",
      "integrity": "sha512-JVzAR/AjBvVt2BmYhxRCSYysDsPcssdmTFnzyLEts9qNwmjmu4JTAMYubEfwVOSwpQ1I1sKKFcxhZCI2buerfw=="
    },
    "luxon": {
      "version": "2.0.1",
      "resolved": "https://registry.npmjs.org/luxon/-/luxon-2.0.1.tgz",
      "integrity": "sha512-8Eawf81c9ZlQj62W3eq4mp+C7SAIAnmaS7ZuEAiX503YMcn+0C1JnMQRtfaQj6B5qTZLgHv0F4H5WabBCvi1fw=="
    },
    "mkdirp": {
      "version": "0.3.0",
      "resolved": "https://registry.npmjs.org/mkdirp/-/mkdirp-0.3.0.tgz",
      "integrity": "sha1-G79asbqCevI1dRQ0kEJkVfSB/h4="
    },
    "nopt": {
      "version": "1.0.10",
      "resolved": "https://registry.npmjs.org/nopt/-/nopt-1.0.10.tgz",
      "integrity": "sha1-bd0hvSoxQXuScn3Vhfim83YI6+4=",
      "requires": {
        "abbrev": "1"
      }
    },
    "preact": {
      "version": "10.5.14",
      "resolved": "https://registry.npmjs.org/preact/-/preact-10.5.14.tgz",
      "integrity": "sha512-KojoltCrshZ099ksUZ2OQKfbH66uquFoxHSbnwKbTJHeQNvx42EmC7wQVWNuDt6vC5s3nudRHFtKbpY4ijKlaQ=="
    },
    "qs": {
      "version": "6.9.6",
      "resolved": "https://registry.npmjs.org/qs/-/qs-6.9.6.tgz",
      "integrity": "sha512-TIRk4aqYLNoJUbd+g2lEdz5kLWIuTMRagAXxl78Q0RiVjAOugHmeKNGdd3cwo/ktpf9aL9epCfFqWDEKysUlLQ=="
    }
  }
}
