{
  "requires": true,
  "lockfileVersion": 1,
  "dependencies": {
    "fitty": {
      "version": "2.2.6",
      "resolved": "https://registry.npmjs.org/fitty/-/fitty-2.2.6.tgz",
      "integrity": "sha512-Y3N3rQ2oWfPXOrSJwAZmBDaWINNpj6O2YQ2NiORk3kXKCw7gwc/cuBZgtYvr9AWpJqVwboyoswocPcqRmoyxEA=="
    }
  }
}
