{
  "requires": true,
  "lockfileVersion": 1,
  "dependencies": {
    "primer-markdown": {
      "version": "3.7.9",
      "resolved": "https://registry.npmjs.org/primer-markdown/-/primer-markdown-3.7.9.tgz",
      "integrity": "sha1-1FmlTlCeXuUZVRV6MTcbKaEIDmM=",
      "requires": {
        "primer-support": "4.6.0"
      }
    },
    "primer-support": {
      "version": "4.6.0",
      "resolved": "https://registry.npmjs.org/primer-support/-/primer-support-4.6.0.tgz",
      "integrity": "sha1-Qq0w6+ox9/q7UpEnsyhk1sv8Kzw="
    }
  }
}
