{
  "dependencies": {
    "bootstrap": {
      "version": "4.1.3",
      "resolved": "https://registry.npmjs.org/bootstrap/-/bootstrap-4.1.3.tgz",
      "integrity": "sha512-rDFIzgXcof0jDyjNosjv4Sno77X4KuPeFxG2XZZv1/Kc8DRVGVADdoQyyOVDwPqL36DDmtCQbrpMCqvpPLJQ0w=="
    },
    "primer-markdown": {
      "version": "3.7.9",
      "resolved": "https://registry.npmjs.org/primer-markdown/-/primer-markdown-3.7.9.tgz",
      "integrity": "sha1-1FmlTlCeXuUZVRV6MTcbKaEIDmM=",
      "requires": {
        "primer-support": "4.6.0"
      }
    },
    "primer-support": {
      "version": "4.6.0",
      "resolved": "https://registry.npmjs.org/primer-support/-/primer-support-4.6.0.tgz",
      "integrity": "sha1-Qq0w6+ox9/q7UpEnsyhk1sv8Kzw="
    }
  },
  "lockfileVersion": 1,
  "requires": true
}
